
Microsoft Visual Studio Solution File, Format Version 12.00
# Visual Studio 15
VisualStudioVersion = 15.0.28307.572
MinimumVisualStudioVersion = 10.0.40219.1
Project("{FAE04EC0-301F-11D3-BF4B-00C04F79EFBC}") = "ReSourcer", "WpfApp1\ReSourcer.csproj", "{CC985E74-6613-496A-A139-7E102B6130FF}"
EndProject
Global
	GlobalSection(SolutionConfigurationPlatforms) = preSolution
		Debug|Any CPU = Debug|Any CPU
		Release|Any CPU = Release|Any CPU
	EndGlobalSection
	GlobalSection(ProjectConfigurationPlatforms) = postSolution
		{CC985E74-6613-496A-A139-7E102B6130FF}.Debug|Any CPU.ActiveCfg = Debug|Any CPU
		{CC985E74-6613-496A-A139-7E102B6130FF}.Debug|Any CPU.Build.0 = Debug|Any CPU
		{CC985E74-6613-496A-A139-7E102B6130FF}.Release|Any CPU.ActiveCfg = Release|Any CPU
		{CC985E74-6613-496A-A139-7E102B6130FF}.Release|Any CPU.Build.0 = Release|Any CPU
	EndGlobalSection
	GlobalSection(SolutionProperties) = preSolution
		HideSolutionNode = FALSE
	EndGlobalSection
	GlobalSection(ExtensibilityGlobals) = postSolution
		SolutionGuid = {A930464B-7B2B-4F81-8653-F1F5915EAFB7}
	EndGlobalSection
EndGlobal
